
Microsoft Visual Studio Solution File, Format Version 12.00
# Visual Studio Version 17
VisualStudioVersion = 17.8.34511.84
MinimumVisualStudioVersion = 10.0.40219.1
Project("{FAE04EC0-301F-11D3-BF4B-00C04F79EFBC}") = "HOT101", "HOT101\HOT101.csproj", "{D100D1E0-9336-4FD4-B541-B9A6470F6904}"
EndProject
Global
	GlobalSection(SolutionConfigurationPlatforms) = preSolution
		Debug|Any CPU = Debug|Any CPU
		Release|Any CPU = Release|Any CPU
	EndGlobalSection
	GlobalSection(ProjectConfigurationPlatforms) = postSolution
		{D100D1E0-9336-4FD4-B541-B9A6470F6904}.Debug|Any CPU.ActiveCfg = Debug|Any CPU
		{D100D1E0-9336-4FD4-B541-B9A6470F6904}.Debug|Any CPU.Build.0 = Debug|Any CPU
		{D100D1E0-9336-4FD4-B541-B9A6470F6904}.Release|Any CPU.ActiveCfg = Release|Any CPU
		{D100D1E0-9336-4FD4-B541-B9A6470F6904}.Release|Any CPU.Build.0 = Release|Any CPU
	EndGlobalSection
	GlobalSection(SolutionProperties) = preSolution
		HideSolutionNode = FALSE
	EndGlobalSection
	GlobalSection(ExtensibilityGlobals) = postSolution
		SolutionGuid = {81A532CC-CD9A-46FF-80B0-8FD82E994381}
	EndGlobalSection
EndGlobal
